
Microsoft Visual Studio Solution File, Format Version 12.00
# Visual Studio Version 17
VisualStudioVersion = 17.2.32602.215
MinimumVisualStudioVersion = 10.0.40219.1
Project("{FAE04EC0-301F-11D3-BF4B-00C04F79EFBC}") = "SiteJson", "SiteJson\SiteJson.csproj", "{F1A2A2B8-6DF4-4860-8D84-57CD46829DEB}"
EndProject
Global
	GlobalSection(SolutionConfigurationPlatforms) = preSolution
		Debug|Any CPU = Debug|Any CPU
		Release|Any CPU = Release|Any CPU
	EndGlobalSection
	GlobalSection(ProjectConfigurationPlatforms) = postSolution
		{F1A2A2B8-6DF4-4860-8D84-57CD46829DEB}.Debug|Any CPU.ActiveCfg = Debug|Any CPU
		{F1A2A2B8-6DF4-4860-8D84-57CD46829DEB}.Debug|Any CPU.Build.0 = Debug|Any CPU
		{F1A2A2B8-6DF4-4860-8D84-57CD46829DEB}.Release|Any CPU.ActiveCfg = Release|Any CPU
		{F1A2A2B8-6DF4-4860-8D84-57CD46829DEB}.Release|Any CPU.Build.0 = Release|Any CPU
	EndGlobalSection
	GlobalSection(SolutionProperties) = preSolution
		HideSolutionNode = FALSE
	EndGlobalSection
	GlobalSection(ExtensibilityGlobals) = postSolution
		SolutionGuid = {FD35A59F-F956-41CA-92C6-DA9F5C873C54}
	EndGlobalSection
EndGlobal
